
Microsoft Visual Studio Solution File, Format Version 12.00
# Visual Studio Version 16
VisualStudioVersion = 16.0.30114.105
MinimumVisualStudioVersion = 10.0.40219.1
Project("{FAE04EC0-301F-11D3-BF4B-00C04F79EFBC}") = "TradingPlatform", "TradingPlatform\TradingPlatform.csproj", "{5CCE26A6-2A06-4456-BEAE-17C350710022}"
EndProject
Project("{FAE04EC0-301F-11D3-BF4B-00C04F79EFBC}") = "GDAX.API", "GDAX.API\GDAX.API.csproj", "{8C73705E-DC85-4498-8F03-F42D09EBC9A7}"
EndProject
Project("{FAE04EC0-301F-11D3-BF4B-00C04F79EFBC}") = "GDAXQuerySystem", "GDAXQuerySystem\GDAXQuerySystem.csproj", "{D8F94FA3-B4E7-4359-825B-5350C2B71EDE}"
EndProject
Project("{FAE04EC0-301F-11D3-BF4B-00C04F79EFBC}") = "TradingPlatform.Common", "TradingPlatform.Common\TradingPlatform.Common.csproj", "{64E6125F-A817-4634-85DD-D055EF32BBA4}"
EndProject
Project("{FAE04EC0-301F-11D3-BF4B-00C04F79EFBC}") = "GDAX.FeedReader", "GDAX.FeedReader\GDAX.FeedReader.csproj", "{7D6DD3A5-7922-430D-B466-670EA300DD6E}"
EndProject
Project("{9A19103F-16F7-4668-BE54-9A1E7A4F7556}") = "GDAX.Models", "GDAX.Models\GDAX.Models.csproj", "{9A5D23C7-C54A-4B3F-94FB-FC7F18E936FE}"
EndProject
Project("{2150E333-8FDC-42A3-9474-1A3956D46DE8}") = "Pipes", "Pipes", "{D5C3D557-25C3-4F9A-8B16-F3A5F6E1BD6B}"
EndProject
Project("{FAE04EC0-301F-11D3-BF4B-00C04F79EFBC}") = "DBPipe", "DBPipe\DBPipe.csproj", "{A8CF9268-62F5-4A73-B9F6-3D84CBE2D348}"
EndProject
Project("{FAE04EC0-301F-11D3-BF4B-00C04F79EFBC}") = "TradingSimulator", "TradingSimulator\TradingSimulator.csproj", "{92219D4A-FBD9-4CF4-8D62-5EAC5B6CCEAD}"
EndProject
Project("{2150E333-8FDC-42A3-9474-1A3956D46DE8}") = "Readers", "Readers", "{C7309968-18BF-4478-8FE6-9B1D3077E17A}"
EndProject
Project("{FAE04EC0-301F-11D3-BF4B-00C04F79EFBC}") = "SimulationTradeReader", "SimulationTradeReader\SimulationTradeReader.csproj", "{8D7607AA-D10F-4386-80C1-4D5829ACA147}"
EndProject
Project("{FAE04EC0-301F-11D3-BF4B-00C04F79EFBC}") = "UpDownDecisionMakerPipe", "UpDownDecisionMakerPipe\UpDownDecisionMakerPipe.csproj", "{D320A2E7-ECF0-4E2A-A084-B382B222F02E}"
EndProject
Project("{2150E333-8FDC-42A3-9474-1A3956D46DE8}") = "BatchTradePipes", "BatchTradePipes", "{ABE9516C-B53E-4C70-A19C-2D02453747AC}"
EndProject
Project("{FAE04EC0-301F-11D3-BF4B-00C04F79EFBC}") = "DataSpacerPipe", "DataSpacerPipe\DataSpacerPipe.csproj", "{4E3C6735-8AD9-4541-B0CC-C8C54470DE1E}"
EndProject
Project("{FAE04EC0-301F-11D3-BF4B-00C04F79EFBC}") = "TestProject", "TestProject\TestProject.csproj", "{9A02BEFB-AA7E-4C75-BD20-48229D47771E}"
EndProject
Project("{FAE04EC0-301F-11D3-BF4B-00C04F79EFBC}") = "EmaCalculator", "EmaCalculator\EmaCalculator.csproj", "{F2D5FE8D-1130-43AE-B501-1DC48EBF449A}"
EndProject
Project("{FAE04EC0-301F-11D3-BF4B-00C04F79EFBC}") = "TradingPlatform.FileUtils", "TradingPlatform.FileUtils\TradingPlatform.FileUtils.csproj", "{25C0161A-1B9A-4F39-BE58-9C6F17C19B00}"
EndProject
Project("{9A19103F-16F7-4668-BE54-9A1E7A4F7556}") = "gdax.netcore", "GDAXLib\gdax.netcore.csproj", "{5878C44C-8E62-4692-AC67-F5E6310C9F6B}"
EndProject
Project("{FAE04EC0-301F-11D3-BF4B-00C04F79EFBC}") = "PolygonIO.API", "PolygonIO.API\PolygonIO.API.csproj", "{15756CEE-B7FE-4380-876C-0C9D15935E11}"
EndProject
Project("{FAE04EC0-301F-11D3-BF4B-00C04F79EFBC}") = "Yahoo.API", "Yahoo.API\Yahoo.API.csproj", "{BD67B2FA-CC26-4E89-BB76-8582F1BB0BCE}"
EndProject
Project("{2150E333-8FDC-42A3-9474-1A3956D46DE8}") = "APIS", "APIS", "{786B11ED-61C6-4DBA-B93A-4A1C10B612B7}"
EndProject
Project("{FAE04EC0-301F-11D3-BF4B-00C04F79EFBC}") = "MarketData.Poller", "MarketData.Poller\MarketData.Poller.csproj", "{1B32EF46-DB3B-42A7-B8D0-B9C782197C3E}"
EndProject
Global
	GlobalSection(SolutionConfigurationPlatforms) = preSolution
		Debug|Any CPU = Debug|Any CPU
		Release|Any CPU = Release|Any CPU
	EndGlobalSection
	GlobalSection(ProjectConfigurationPlatforms) = postSolution
		{5CCE26A6-2A06-4456-BEAE-17C350710022}.Debug|Any CPU.ActiveCfg = Debug|Any CPU
		{5CCE26A6-2A06-4456-BEAE-17C350710022}.Debug|Any CPU.Build.0 = Debug|Any CPU
		{5CCE26A6-2A06-4456-BEAE-17C350710022}.Release|Any CPU.ActiveCfg = Release|Any CPU
		{5CCE26A6-2A06-4456-BEAE-17C350710022}.Release|Any CPU.Build.0 = Release|Any CPU
		{8C73705E-DC85-4498-8F03-F42D09EBC9A7}.Debug|Any CPU.ActiveCfg = Debug|Any CPU
		{8C73705E-DC85-4498-8F03-F42D09EBC9A7}.Debug|Any CPU.Build.0 = Debug|Any CPU
		{8C73705E-DC85-4498-8F03-F42D09EBC9A7}.Release|Any CPU.ActiveCfg = Release|Any CPU
		{8C73705E-DC85-4498-8F03-F42D09EBC9A7}.Release|Any CPU.Build.0 = Release|Any CPU
		{D8F94FA3-B4E7-4359-825B-5350C2B71EDE}.Debug|Any CPU.ActiveCfg = Debug|Any CPU
		{D8F94FA3-B4E7-4359-825B-5350C2B71EDE}.Debug|Any CPU.Build.0 = Debug|Any CPU
		{D8F94FA3-B4E7-4359-825B-5350C2B71EDE}.Release|Any CPU.ActiveCfg = Release|Any CPU
		{D8F94FA3-B4E7-4359-825B-5350C2B71EDE}.Release|Any CPU.Build.0 = Release|Any CPU
		{64E6125F-A817-4634-85DD-D055EF32BBA4}.Debug|Any CPU.ActiveCfg = Debug|Any CPU
		{64E6125F-A817-4634-85DD-D055EF32BBA4}.Debug|Any CPU.Build.0 = Debug|Any CPU
		{64E6125F-A817-4634-85DD-D055EF32BBA4}.Release|Any CPU.ActiveCfg = Release|Any CPU
		{64E6125F-A817-4634-85DD-D055EF32BBA4}.Release|Any CPU.Build.0 = Release|Any CPU
		{7D6DD3A5-7922-430D-B466-670EA300DD6E}.Debug|Any CPU.ActiveCfg = Debug|Any CPU
		{7D6DD3A5-7922-430D-B466-670EA300DD6E}.Debug|Any CPU.Build.0 = Debug|Any CPU
		{7D6DD3A5-7922-430D-B466-670EA300DD6E}.Release|Any CPU.ActiveCfg = Release|Any CPU
		{7D6DD3A5-7922-430D-B466-670EA300DD6E}.Release|Any CPU.Build.0 = Release|Any CPU
		{9A5D23C7-C54A-4B3F-94FB-FC7F18E936FE}.Debug|Any CPU.ActiveCfg = Debug|Any CPU
		{9A5D23C7-C54A-4B3F-94FB-FC7F18E936FE}.Debug|Any CPU.Build.0 = Debug|Any CPU
		{9A5D23C7-C54A-4B3F-94FB-FC7F18E936FE}.Release|Any CPU.ActiveCfg = Release|Any CPU
		{9A5D23C7-C54A-4B3F-94FB-FC7F18E936FE}.Release|Any CPU.Build.0 = Release|Any CPU
		{A8CF9268-62F5-4A73-B9F6-3D84CBE2D348}.Debug|Any CPU.ActiveCfg = Debug|Any CPU
		{A8CF9268-62F5-4A73-B9F6-3D84CBE2D348}.Debug|Any CPU.Build.0 = Debug|Any CPU
		{A8CF9268-62F5-4A73-B9F6-3D84CBE2D348}.Release|Any CPU.ActiveCfg = Release|Any CPU
		{A8CF9268-62F5-4A73-B9F6-3D84CBE2D348}.Release|Any CPU.Build.0 = Release|Any CPU
		{92219D4A-FBD9-4CF4-8D62-5EAC5B6CCEAD}.Debug|Any CPU.ActiveCfg = Debug|Any CPU
		{92219D4A-FBD9-4CF4-8D62-5EAC5B6CCEAD}.Debug|Any CPU.Build.0 = Debug|Any CPU
		{92219D4A-FBD9-4CF4-8D62-5EAC5B6CCEAD}.Release|Any CPU.ActiveCfg = Release|Any CPU
		{92219D4A-FBD9-4CF4-8D62-5EAC5B6CCEAD}.Release|Any CPU.Build.0 = Release|Any CPU
		{8D7607AA-D10F-4386-80C1-4D5829ACA147}.Debug|Any CPU.ActiveCfg = Debug|Any CPU
		{8D7607AA-D10F-4386-80C1-4D5829ACA147}.Debug|Any CPU.Build.0 = Debug|Any CPU
		{8D7607AA-D10F-4386-80C1-4D5829ACA147}.Release|Any CPU.ActiveCfg = Release|Any CPU
		{8D7607AA-D10F-4386-80C1-4D5829ACA147}.Release|Any CPU.Build.0 = Release|Any CPU
		{D320A2E7-ECF0-4E2A-A084-B382B222F02E}.Debug|Any CPU.ActiveCfg = Debug|Any CPU
		{D320A2E7-ECF0-4E2A-A084-B382B222F02E}.Debug|Any CPU.Build.0 = Debug|Any CPU
		{D320A2E7-ECF0-4E2A-A084-B382B222F02E}.Release|Any CPU.ActiveCfg = Release|Any CPU
		{D320A2E7-ECF0-4E2A-A084-B382B222F02E}.Release|Any CPU.Build.0 = Release|Any CPU
		{4E3C6735-8AD9-4541-B0CC-C8C54470DE1E}.Debug|Any CPU.ActiveCfg = Debug|Any CPU
		{4E3C6735-8AD9-4541-B0CC-C8C54470DE1E}.Debug|Any CPU.Build.0 = Debug|Any CPU
		{4E3C6735-8AD9-4541-B0CC-C8C54470DE1E}.Release|Any CPU.ActiveCfg = Release|Any CPU
		{4E3C6735-8AD9-4541-B0CC-C8C54470DE1E}.Release|Any CPU.Build.0 = Release|Any CPU
		{9A02BEFB-AA7E-4C75-BD20-48229D47771E}.Debug|Any CPU.ActiveCfg = Debug|Any CPU
		{9A02BEFB-AA7E-4C75-BD20-48229D47771E}.Debug|Any CPU.Build.0 = Debug|Any CPU
		{9A02BEFB-AA7E-4C75-BD20-48229D47771E}.Release|Any CPU.ActiveCfg = Release|Any CPU
		{9A02BEFB-AA7E-4C75-BD20-48229D47771E}.Release|Any CPU.Build.0 = Release|Any CPU
		{F2D5FE8D-1130-43AE-B501-1DC48EBF449A}.Debug|Any CPU.ActiveCfg = Debug|Any CPU
		{F2D5FE8D-1130-43AE-B501-1DC48EBF449A}.Debug|Any CPU.Build.0 = Debug|Any CPU
		{F2D5FE8D-1130-43AE-B501-1DC48EBF449A}.Release|Any CPU.ActiveCfg = Release|Any CPU
		{F2D5FE8D-1130-43AE-B501-1DC48EBF449A}.Release|Any CPU.Build.0 = Release|Any CPU
		{25C0161A-1B9A-4F39-BE58-9C6F17C19B00}.Debug|Any CPU.ActiveCfg = Debug|Any CPU
		{25C0161A-1B9A-4F39-BE58-9C6F17C19B00}.Debug|Any CPU.Build.0 = Debug|Any CPU
		{25C0161A-1B9A-4F39-BE58-9C6F17C19B00}.Release|Any CPU.ActiveCfg = Release|Any CPU
		{25C0161A-1B9A-4F39-BE58-9C6F17C19B00}.Release|Any CPU.Build.0 = Release|Any CPU
		{5878C44C-8E62-4692-AC67-F5E6310C9F6B}.Debug|Any CPU.ActiveCfg = Debug|Any CPU
		{5878C44C-8E62-4692-AC67-F5E6310C9F6B}.Debug|Any CPU.Build.0 = Debug|Any CPU
		{5878C44C-8E62-4692-AC67-F5E6310C9F6B}.Release|Any CPU.ActiveCfg = Release|Any CPU
		{5878C44C-8E62-4692-AC67-F5E6310C9F6B}.Release|Any CPU.Build.0 = Release|Any CPU
		{15756CEE-B7FE-4380-876C-0C9D15935E11}.Debug|Any CPU.ActiveCfg = Debug|Any CPU
		{15756CEE-B7FE-4380-876C-0C9D15935E11}.Debug|Any CPU.Build.0 = Debug|Any CPU
		{15756CEE-B7FE-4380-876C-0C9D15935E11}.Release|Any CPU.ActiveCfg = Release|Any CPU
		{15756CEE-B7FE-4380-876C-0C9D15935E11}.Release|Any CPU.Build.0 = Release|Any CPU
		{BD67B2FA-CC26-4E89-BB76-8582F1BB0BCE}.Debug|Any CPU.ActiveCfg = Debug|Any CPU
		{BD67B2FA-CC26-4E89-BB76-8582F1BB0BCE}.Debug|Any CPU.Build.0 = Debug|Any CPU
		{BD67B2FA-CC26-4E89-BB76-8582F1BB0BCE}.Release|Any CPU.ActiveCfg = Release|Any CPU
		{BD67B2FA-CC26-4E89-BB76-8582F1BB0BCE}.Release|Any CPU.Build.0 = Release|Any CPU
		{1B32EF46-DB3B-42A7-B8D0-B9C782197C3E}.Debug|Any CPU.ActiveCfg = Debug|Any CPU
		{1B32EF46-DB3B-42A7-B8D0-B9C782197C3E}.Debug|Any CPU.Build.0 = Debug|Any CPU
		{1B32EF46-DB3B-42A7-B8D0-B9C782197C3E}.Release|Any CPU.ActiveCfg = Release|Any CPU
		{1B32EF46-DB3B-42A7-B8D0-B9C782197C3E}.Release|Any CPU.Build.0 = Release|Any CPU
	EndGlobalSection
	GlobalSection(SolutionProperties) = preSolution
		HideSolutionNode = FALSE
	EndGlobalSection
	GlobalSection(NestedProjects) = preSolution
		{8C73705E-DC85-4498-8F03-F42D09EBC9A7} = {786B11ED-61C6-4DBA-B93A-4A1C10B612B7}
		{A8CF9268-62F5-4A73-B9F6-3D84CBE2D348} = {D5C3D557-25C3-4F9A-8B16-F3A5F6E1BD6B}
		{8D7607AA-D10F-4386-80C1-4D5829ACA147} = {C7309968-18BF-4478-8FE6-9B1D3077E17A}
		{D320A2E7-ECF0-4E2A-A084-B382B222F02E} = {D5C3D557-25C3-4F9A-8B16-F3A5F6E1BD6B}
		{4E3C6735-8AD9-4541-B0CC-C8C54470DE1E} = {ABE9516C-B53E-4C70-A19C-2D02453747AC}
		{F2D5FE8D-1130-43AE-B501-1DC48EBF449A} = {ABE9516C-B53E-4C70-A19C-2D02453747AC}
		{15756CEE-B7FE-4380-876C-0C9D15935E11} = {786B11ED-61C6-4DBA-B93A-4A1C10B612B7}
		{BD67B2FA-CC26-4E89-BB76-8582F1BB0BCE} = {786B11ED-61C6-4DBA-B93A-4A1C10B612B7}
	EndGlobalSection
	GlobalSection(ExtensibilityGlobals) = postSolution
		SolutionGuid = {F304450E-24DB-4811-A032-6C6BDB759C6E}
	EndGlobalSection
EndGlobal
